PODS:
  - Alamofire (4.7.3)
  - DNSPageView (1.1.1)
  - FMDB (2.7.5):
    - FMDB/standard (= 2.7.5)
  - FMDB/standard (2.7.5)
  - GTMRefresh (1.3.5)
  - IQKeyboardManagerSwift (6.2.0)
  - Moya/Core (11.0.2):
    - Alamofire (~> 4.1)
    - Result (~> 3.0)
  - Moya/ReactiveSwift (11.0.2):
    - Moya/Core
    - ReactiveSwift (~> 3.0)
  - NVActivityIndicatorView (4.4.0):
    - NVActivityIndicatorView/Presenter (= 4.4.0)
  - NVActivityIndicatorView/Presenter (4.4.0)
  - ReactiveSwift (3.1.0):
    - Result (~> 3.2)
  - Result (3.2.4)
  - SnapKit (4.0.0)

DEPENDENCIES:
  - DNSPageView
  - FMDB
  - GTMRefresh
  - IQKeyboardManagerSwift
  - Moya/ReactiveSwift (~> 11.0)
  - NVActivityIndicatorView
  - SnapKit (~> 4.0.0)

SPEC REPOS:
  https://github.com/cocoapods/specs.git:
    - Alamofire
    - DNSPageView
    - FMDB
    - GTMRefresh
    - IQKeyboardManagerSwift
    - Moya
    - NVActivityIndicatorView
    - ReactiveSwift
    - Result
    - SnapKit

SPEC CHECKSUMS:
  Alamofire: c7287b6e5d7da964a70935e5db17046b7fde6568
  DNSPageView: c8598a6d38ee4191191e326cbd5198b641245aaf
  FMDB: 2ce00b547f966261cd18927a3ddb07cb6f3db82a
  GTMRefresh: 3621bc687d8c2cf2620309080073abed0d2b017e
  IQKeyboardManagerSwift: b07ccf9d8cafe993dcd6cb794eb4ba34611a0c4e
  Moya: a725035953bc1c0eb1be505ab903984501d82440
  NVActivityIndicatorView: ec7440a57af2450319d3a4181cca7da6fc127064
  ReactiveSwift: 5b26d2e988fe0eed2daf48c4054d1de74db50184
  Result: d2d07204ce72856f1fd9130bbe42c35a7b0fea10
  SnapKit: a42d492c16e80209130a3379f73596c3454b7694

PODFILE CHECKSUM: deb4c5e83e70949d4b8b071de684539ee4654c36

COCOAPODS: 1.5.3
